
Microsoft Visual Studio Solution File, Format Version 12.00
# Visual Studio Version 16
VisualStudioVersion = 16.0.29521.150
MinimumVisualStudioVersion = 10.0.40219.1
Project("{9A19103F-16F7-4668-BE54-9A1E7A4F7556}") = "Backend", "src\Backend\Backend.csproj", "{A35732FA-71E7-4967-A352-B678A72B2A9C}"
EndProject
Project("{9A19103F-16F7-4668-BE54-9A1E7A4F7556}") = "Database", "src\Database\Database.csproj", "{5A2AE261-D8C4-498C-94BA-00CF8A2DADF5}"
EndProject
Project("{9A19103F-16F7-4668-BE54-9A1E7A4F7556}") = "Models", "src\Models\Models.csproj", "{A9DE39A3-6261-4A09-ADA5-C4E8533969DA}"
EndProject
Project("{9A19103F-16F7-4668-BE54-9A1E7A4F7556}") = "PublicApi", "src\PublicApi\PublicApi.csproj", "{D458A04E-2FF2-4560-B270-EFA3F54598E1}"
EndProject
Project("{2150E333-8FDC-42A3-9474-1A3956D46DE8}") = "src", "src", "{CD575EAF-49CC-468F-B924-75872D46056A}"
EndProject
Project("{FAE04EC0-301F-11D3-BF4B-00C04F79EFBC}") = "Shared", "src\Shared\Shared.csproj", "{B3A4DA49-FE16-4BB3-853A-B7F134508517}"
EndProject
Global
	GlobalSection(SolutionConfigurationPlatforms) = preSolution
		Debug|Any CPU = Debug|Any CPU
		Release|Any CPU = Release|Any CPU
	EndGlobalSection
	GlobalSection(ProjectConfigurationPlatforms) = postSolution
		{A35732FA-71E7-4967-A352-B678A72B2A9C}.Debug|Any CPU.ActiveCfg = Debug|Any CPU
		{A35732FA-71E7-4967-A352-B678A72B2A9C}.Debug|Any CPU.Build.0 = Debug|Any CPU
		{A35732FA-71E7-4967-A352-B678A72B2A9C}.Release|Any CPU.ActiveCfg = Release|Any CPU
		{A35732FA-71E7-4967-A352-B678A72B2A9C}.Release|Any CPU.Build.0 = Release|Any CPU
		{5A2AE261-D8C4-498C-94BA-00CF8A2DADF5}.Debug|Any CPU.ActiveCfg = Debug|Any CPU
		{5A2AE261-D8C4-498C-94BA-00CF8A2DADF5}.Debug|Any CPU.Build.0 = Debug|Any CPU
		{5A2AE261-D8C4-498C-94BA-00CF8A2DADF5}.Release|Any CPU.ActiveCfg = Release|Any CPU
		{5A2AE261-D8C4-498C-94BA-00CF8A2DADF5}.Release|Any CPU.Build.0 = Release|Any CPU
		{A9DE39A3-6261-4A09-ADA5-C4E8533969DA}.Debug|Any CPU.ActiveCfg = Debug|Any CPU
		{A9DE39A3-6261-4A09-ADA5-C4E8533969DA}.Debug|Any CPU.Build.0 = Debug|Any CPU
		{A9DE39A3-6261-4A09-ADA5-C4E8533969DA}.Release|Any CPU.ActiveCfg = Release|Any CPU
		{A9DE39A3-6261-4A09-ADA5-C4E8533969DA}.Release|Any CPU.Build.0 = Release|Any CPU
		{D458A04E-2FF2-4560-B270-EFA3F54598E1}.Debug|Any CPU.ActiveCfg = Debug|Any CPU
		{D458A04E-2FF2-4560-B270-EFA3F54598E1}.Debug|Any CPU.Build.0 = Debug|Any CPU
		{D458A04E-2FF2-4560-B270-EFA3F54598E1}.Release|Any CPU.ActiveCfg = Release|Any CPU
		{D458A04E-2FF2-4560-B270-EFA3F54598E1}.Release|Any CPU.Build.0 = Release|Any CPU
		{B3A4DA49-FE16-4BB3-853A-B7F134508517}.Debug|Any CPU.ActiveCfg = Debug|Any CPU
		{B3A4DA49-FE16-4BB3-853A-B7F134508517}.Debug|Any CPU.Build.0 = Debug|Any CPU
		{B3A4DA49-FE16-4BB3-853A-B7F134508517}.Release|Any CPU.ActiveCfg = Release|Any CPU
		{B3A4DA49-FE16-4BB3-853A-B7F134508517}.Release|Any CPU.Build.0 = Release|Any CPU
	EndGlobalSection
	GlobalSection(SolutionProperties) = preSolution
		HideSolutionNode = FALSE
	EndGlobalSection
	GlobalSection(NestedProjects) = preSolution
		{A35732FA-71E7-4967-A352-B678A72B2A9C} = {CD575EAF-49CC-468F-B924-75872D46056A}
		{5A2AE261-D8C4-498C-94BA-00CF8A2DADF5} = {CD575EAF-49CC-468F-B924-75872D46056A}
		{A9DE39A3-6261-4A09-ADA5-C4E8533969DA} = {CD575EAF-49CC-468F-B924-75872D46056A}
		{D458A04E-2FF2-4560-B270-EFA3F54598E1} = {CD575EAF-49CC-468F-B924-75872D46056A}
		{B3A4DA49-FE16-4BB3-853A-B7F134508517} = {CD575EAF-49CC-468F-B924-75872D46056A}
	EndGlobalSection
	GlobalSection(ExtensibilityGlobals) = postSolution
		SolutionGuid = {91303C11-6A92-42C6-AFBC-55154F736AB3}
	EndGlobalSection
EndGlobal
